
Microsoft Visual Studio Solution File, Format Version 12.00
# Visual Studio Version 17
VisualStudioVersion = 17.0.31903.59
MinimumVisualStudioVersion = 10.0.40219.1
Project("{FAE04EC0-301F-11D3-BF4B-00C04F79EFBC}") = "WebApi", "WebApi\WebApi.csproj", "{5CBA3873-400B-4D23-80D4-C992D8438C34}"
EndProject
Global
	GlobalSection(SolutionConfigurationPlatforms) = preSolution
		Debug|Any CPU = Debug|Any CPU
		Release|Any CPU = Release|Any CPU
	EndGlobalSection
	GlobalSection(SolutionProperties) = preSolution
		HideSolutionNode = FALSE
	EndGlobalSection
	GlobalSection(ProjectConfigurationPlatforms) = postSolution
		{5CBA3873-400B-4D23-80D4-C992D8438C34}.Debug|Any CPU.ActiveCfg = Debug|Any CPU
		{5CBA3873-400B-4D23-80D4-C992D8438C34}.Debug|Any CPU.Build.0 = Debug|Any CPU
		{5CBA3873-400B-4D23-80D4-C992D8438C34}.Release|Any CPU.ActiveCfg = Release|Any CPU
		{5CBA3873-400B-4D23-80D4-C992D8438C34}.Release|Any CPU.Build.0 = Release|Any CPU
	EndGlobalSection
EndGlobal
